{
  "name": "xyz-ui-typography",
  "version": "0.1.13",
  "lockfileVersion": 1,
  "requires": true,
  "dependencies": {
    "@babel/helper-module-imports": {
      "version": "7.0.0",
      "resolved": "http://registry.npm.taobao.org/@babel/helper-module-imports/download/@babel/helper-module-imports-7.0.0.tgz",
      "integrity": "sha1-lggbcRHkhtpNLNlxrRpP4hbMLj0=",
      "requires": {
        "@babel/types": "^7.0.0"
      }
    },
    "@babel/types": {
      "version": "7.1.3",
      "resolved": "http://registry.npm.taobao.org/@babel/types/download/@babel/types-7.1.3.tgz",
      "integrity": "sha1-OnZwBFZwYML0D8pJowRxLFJe430=",
      "requires": {
        "esutils": "^2.0.2",
        "lodash": "^4.17.10",
        "to-fast-properties": "^2.0.0"
      }
    },
    "@emotion/babel-utils": {
      "version": "0.6.10",
      "resolved": "http://registry.npm.taobao.org/@emotion/babel-utils/download/@emotion/babel-utils-0.6.10.tgz",
      "integrity": "sha1-g9vz36kz+un8Vm5U+7RfFGdMbMw=",
      "requires": {
        "@emotion/hash": "^0.6.6",
        "@emotion/memoize": "^0.6.6",
        "@emotion/serialize": "^0.9.1",
        "convert-source-map": "^1.5.1",
        "find-root": "^1.1.0",
        "source-map": "^0.7.2"
      },
      "dependencies": {
        "source-map": {
          "version": "0.7.3",
          "resolved": "http://registry.npm.taobao.org/source-map/download/source-map-0.7.3.tgz",
          "integrity": "sha1-UwL4FpAxc1ImVECS5kmB91F1A4M="
        }
      }
    },
    "@emotion/hash": {
      "version": "0.6.6",
      "resolved": "http://registry.npm.taobao.org/@emotion/hash/download/@emotion/hash-0.6.6.tgz",
      "integrity": "sha1-YiZsXw6saUH+zjAqutafLufiXkQ="
    },
    "@emotion/is-prop-valid": {
      "version": "0.6.8",
      "resolved": "http://registry.npm.taobao.org/@emotion/is-prop-valid/download/@emotion/is-prop-valid-0.6.8.tgz",
      "integrity": "sha1-aK0Cgx2kEhOiCJ0sq06KyLMMvYU=",
      "requires": {
        "@emotion/memoize": "^0.6.6"
      }
    },
    "@emotion/memoize": {
      "version": "0.6.6",
      "resolved": "http://registry.npm.taobao.org/@emotion/memoize/download/@emotion/memoize-0.6.6.tgz",
      "integrity": "sha1-AEuYKY0Ex8o7T1DKIDXU9g0u7Rs="
    },
    "@emotion/serialize": {
      "version": "0.9.1",
      "resolved": "http://registry.npm.taobao.org/@emotion/serialize/download/@emotion/serialize-0.9.1.tgz",
      "integrity": "sha1-pJSYKmkgcw26YwPrAYIgorYpwUU=",
      "requires": {
        "@emotion/hash": "^0.6.6",
        "@emotion/memoize": "^0.6.6",
        "@emotion/unitless": "^0.6.7",
        "@emotion/utils": "^0.8.2"
      }
    },
    "@emotion/stylis": {
      "version": "0.7.1",
      "resolved": "http://registry.npm.taobao.org/@emotion/stylis/download/@emotion/stylis-0.7.1.tgz",
      "integrity": "sha1-UPYyJecS2Z4rKznBnHD/8CN5PKU="
    },
    "@emotion/unitless": {
      "version": "0.6.7",
      "resolved": "http://registry.npm.taobao.org/@emotion/unitless/download/@emotion/unitless-0.6.7.tgz",
      "integrity": "sha1-U+nxiS9yWxlNXmoWhKezlN9ZI5c="
    },
    "@emotion/utils": {
      "version": "0.8.2",
      "resolved": "http://registry.npm.taobao.org/@emotion/utils/download/@emotion/utils-0.8.2.tgz",
      "integrity": "sha1-V2/3+xIwGFthmnXSWMvJjwhnqNw="
    },
    "@types/classnames": {
      "version": "2.2.6",
      "resolved": "http://registry.npm.taobao.org/@types/classnames/download/@types/classnames-2.2.6.tgz",
      "integrity": "sha1-2+imZhVtVW7QGOFaTGXwiTfD9ig=",
      "dev": true
    },
    "@types/prop-types": {
      "version": "15.5.6",
      "resolved": "http://registry.npm.taobao.org/@types/prop-types/download/@types/prop-types-15.5.6.tgz",
      "integrity": "sha1-nAPT/tcKjVF8GRt3NNooebUMomw=",
      "dev": true
    },
    "@types/react": {
      "version": "16.4.18",
      "resolved": "http://registry.npm.taobao.org/@types/react/download/@types/react-16.4.18.tgz",
      "integrity": "sha1-Liii5/ktP6fWpl8rcydcPjE4oT0=",
      "dev": true,
      "requires": {
        "@types/prop-types": "*",
        "csstype": "^2.2.0"
      }
    },
    "abbrev": {
      "version": "1.1.1",
      "resolved": "http://registry.npm.taobao.org/abbrev/download/abbrev-1.1.1.tgz",
      "integrity": "sha1-+PLIh60Qv2f2NPAFtph/7TF5qsg="
    },
    "argparse": {
      "version": "1.0.10",
      "resolved": "http://registry.npm.taobao.org/argparse/download/argparse-1.0.10.tgz",
      "integrity": "sha1-vNZ5HqWuCXJeF+WtmIE0zUCz2RE=",
      "requires": {
        "sprintf-js": "~1.0.2"
      }
    },
    "babel-plugin-emotion": {
      "version": "9.2.11",
      "resolved": "http://registry.npm.taobao.org/babel-plugin-emotion/download/babel-plugin-emotion-9.2.11.tgz",
      "integrity": "sha1-MZwAWp7h0Vu0R/Wf5QTDX9WAdyg=",
      "requires": {
        "@babel/helper-module-imports": "^7.0.0",
        "@emotion/babel-utils": "^0.6.4",
        "@emotion/hash": "^0.6.2",
        "@emotion/memoize": "^0.6.1",
        "@emotion/stylis": "^0.7.0",
        "babel-plugin-macros": "^2.0.0",
        "babel-plugin-syntax-jsx": "^6.18.0",
        "convert-source-map": "^1.5.0",
        "find-root": "^1.1.0",
        "mkdirp": "^0.5.1",
        "source-map": "^0.5.7",
        "touch": "^2.0.1"
      }
    },
    "babel-plugin-macros": {
      "version": "2.4.2",
      "resolved": "http://registry.npm.taobao.org/babel-plugin-macros/download/babel-plugin-macros-2.4.2.tgz",
      "integrity": "sha1-IbGi6C4hMEA8X/eFy6ZUjptkSyg=",
      "requires": {
        "cosmiconfig": "^5.0.5",
        "resolve": "^1.8.1"
      }
    },
    "babel-plugin-syntax-jsx": {
      "version": "6.18.0",
      "resolved": "http://registry.npm.taobao.org/babel-plugin-syntax-jsx/download/babel-plugin-syntax-jsx-6.18.0.tgz",
      "integrity": "sha1-CvMqmm4Tyno/1QaeYtew9Y0NiUY="
    },
    "classnames": {
      "version": "2.2.6",
      "resolved": "http://registry.npm.taobao.org/classnames/download/classnames-2.2.6.tgz",
      "integrity": "sha1-Q5Nb/90pHzJtrQogUwmzjQD2UM4="
    },
    "convert-source-map": {
      "version": "1.6.0",
      "resolved": "http://registry.npm.taobao.org/convert-source-map/download/convert-source-map-1.6.0.tgz",
      "integrity": "sha1-UbU3qMQ+DwTewZk7/83VBOdYrCA=",
      "requires": {
        "safe-buffer": "~5.1.1"
      }
    },
    "cosmiconfig": {
      "version": "5.0.6",
      "resolved": "http://registry.npm.taobao.org/cosmiconfig/download/cosmiconfig-5.0.6.tgz",
      "integrity": "sha1-3KbPaAoL0DWJr/aEcAhYyBq+6zk=",
      "requires": {
        "is-directory": "^0.3.1",
        "js-yaml": "^3.9.0",
        "parse-json": "^4.0.0"
      }
    },
    "create-emotion": {
      "version": "9.2.12",
      "resolved": "http://registry.npm.taobao.org/create-emotion/download/create-emotion-9.2.12.tgz",
      "integrity": "sha1-D8jn+SxPi7kksP72eB9msdB8sm8=",
      "requires": {
        "@emotion/hash": "^0.6.2",
        "@emotion/memoize": "^0.6.1",
        "@emotion/stylis": "^0.7.0",
        "@emotion/unitless": "^0.6.2",
        "csstype": "^2.5.2",
        "stylis": "^3.5.0",
        "stylis-rule-sheet": "^0.0.10"
      }
    },
    "create-emotion-styled": {
      "version": "9.2.8",
      "resolved": "http://registry.npm.taobao.org/create-emotion-styled/download/create-emotion-styled-9.2.8.tgz",
      "integrity": "sha1-wAUOdoukOWCb7BCGAEZ63y3mfMM=",
      "requires": {
        "@emotion/is-prop-valid": "^0.6.1"
      }
    },
    "csstype": {
      "version": "2.5.7",
      "resolved": "http://registry.npm.taobao.org/csstype/download/csstype-2.5.7.tgz",
      "integrity": "sha1-v5I11YchQezPstFtgpk8axSRef8="
    },
    "emotion": {
      "version": "9.2.12",
      "resolved": "http://registry.npm.taobao.org/emotion/download/emotion-9.2.12.tgz",
      "integrity": "sha1-U5JaqgBWFOZcbkPbgkPIQ1dNHqk=",
      "requires": {
        "babel-plugin-emotion": "^9.2.11",
        "create-emotion": "^9.2.12"
      }
    },
    "error-ex": {
      "version": "1.3.2",
      "resolved": "http://registry.npm.taobao.org/error-ex/download/error-ex-1.3.2.tgz",
      "integrity": "sha1-tKxAZIEH/c3PriQvQovqihTU8b8=",
      "requires": {
        "is-arrayish": "^0.2.1"
      }
    },
    "esprima": {
      "version": "4.0.1",
      "resolved": "http://registry.npm.taobao.org/esprima/download/esprima-4.0.1.tgz",
      "integrity": "sha1-E7BM2z5sXRnfkatph6hpVhmwqnE="
    },
    "esutils": {
      "version": "2.0.2",
      "resolved": "http://registry.npm.taobao.org/esutils/download/esutils-2.0.2.tgz",
      "integrity": "sha1-Cr9PHKpbyx96nYrMbepPqqBLrJs="
    },
    "find-root": {
      "version": "1.1.0",
      "resolved": "http://registry.npm.taobao.org/find-root/download/find-root-1.1.0.tgz",
      "integrity": "sha1-q8/Iunb3CMQql7PWhbfpRQv7nOQ="
    },
    "is-arrayish": {
      "version": "0.2.1",
      "resolved": "http://registry.npm.taobao.org/is-arrayish/download/is-arrayish-0.2.1.tgz",
      "integrity": "sha1-d8mYQFJ6qOyxqLppe4BkWnqSap0="
    },
    "is-directory": {
      "version": "0.3.1",
      "resolved": "http://registry.npm.taobao.org/is-directory/download/is-directory-0.3.1.tgz",
      "integrity": "sha1-YTObbyR1/Hcv2cnYP1yFddwVSuE="
    },
    "js-tokens": {
      "version": "4.0.0",
      "resolved": "http://registry.npm.taobao.org/js-tokens/download/js-tokens-4.0.0.tgz",
      "integrity": "sha1-GSA/tZmR35jjoocFDUZHzerzJJk="
    },
    "js-yaml": {
      "version": "3.12.0",
      "resolved": "http://registry.npm.taobao.org/js-yaml/download/js-yaml-3.12.0.tgz",
      "integrity": "sha1-6u1lbsg0TxD1J8a/obbiJE3hZ9E=",
      "requires": {
        "argparse": "^1.0.7",
        "esprima": "^4.0.0"
      }
    },
    "json-parse-better-errors": {
      "version": "1.0.2",
      "resolved": "http://registry.npm.taobao.org/json-parse-better-errors/download/json-parse-better-errors-1.0.2.tgz",
      "integrity": "sha1-u4Z8+zRQ5pEHwTHRxRS6s9yLyqk="
    },
    "lodash": {
      "version": "4.17.11",
      "resolved": "http://registry.npm.taobao.org/lodash/download/lodash-4.17.11.tgz",
      "integrity": "sha1-s56mIp72B+zYniyN8SU2iRysm40="
    },
    "loose-envify": {
      "version": "1.4.0",
      "resolved": "http://registry.npm.taobao.org/loose-envify/download/loose-envify-1.4.0.tgz",
      "integrity": "sha1-ce5R+nvkyuwaY4OffmgtgTLTDK8=",
      "requires": {
        "js-tokens": "^3.0.0 || ^4.0.0"
      }
    },
    "minimist": {
      "version": "0.0.8",
      "resolved": "http://registry.npm.taobao.org/minimist/download/minimist-0.0.8.tgz",
      "integrity": "sha1-hX/Kv8M5fSYluCKCYuhqp6ARsF0="
    },
    "mkdirp": {
      "version": "0.5.1",
      "resolved": "http://registry.npm.taobao.org/mkdirp/download/mkdirp-0.5.1.tgz",
      "integrity": "sha1-MAV0OOrGz3+MR2fzhkjWaX11yQM=",
      "requires": {
        "minimist": "0.0.8"
      }
    },
    "nopt": {
      "version": "1.0.10",
      "resolved": "http://registry.npm.taobao.org/nopt/download/nopt-1.0.10.tgz",
      "integrity": "sha1-bd0hvSoxQXuScn3Vhfim83YI6+4=",
      "requires": {
        "abbrev": "1"
      }
    },
    "object-assign": {
      "version": "4.1.1",
      "resolved": "http://registry.npm.taobao.org/object-assign/download/object-assign-4.1.1.tgz",
      "integrity": "sha1-IQmtx5ZYh8/AXLvUQsrIv7s2CGM="
    },
    "parse-json": {
      "version": "4.0.0",
      "resolved": "http://registry.npm.taobao.org/parse-json/download/parse-json-4.0.0.tgz",
      "integrity": "sha1-vjX1Qlvh9/bHRxhPmKeIy5lHfuA=",
      "requires": {
        "error-ex": "^1.3.1",
        "json-parse-better-errors": "^1.0.1"
      }
    },
    "path-parse": {
      "version": "1.0.6",
      "resolved": "http://registry.npm.taobao.org/path-parse/download/path-parse-1.0.6.tgz",
      "integrity": "sha1-1i27VnlAXXLEc37FhgDp3c8G0kw="
    },
    "prop-types": {
      "version": "15.6.2",
      "resolved": "http://registry.npm.taobao.org/prop-types/download/prop-types-15.6.2.tgz",
      "integrity": "sha1-BdXKd7RFPphdYPx/+MhZCUpJcQI=",
      "requires": {
        "loose-envify": "^1.3.1",
        "object-assign": "^4.1.1"
      }
    },
    "react-emotion": {
      "version": "9.2.12",
      "resolved": "http://registry.npm.taobao.org/react-emotion/download/react-emotion-9.2.12.tgz",
      "integrity": "sha1-dNFJT4niLQuUQukqM8oFJGGVXIM=",
      "requires": {
        "babel-plugin-emotion": "^9.2.11",
        "create-emotion-styled": "^9.2.8"
      }
    },
    "resolve": {
      "version": "1.8.1",
      "resolved": "http://registry.npm.taobao.org/resolve/download/resolve-1.8.1.tgz",
      "integrity": "sha1-gvHsGaQjrB+9CAsLqwa6NuhKeiY=",
      "requires": {
        "path-parse": "^1.0.5"
      }
    },
    "safe-buffer": {
      "version": "5.1.2",
      "resolved": "http://registry.npm.taobao.org/safe-buffer/download/safe-buffer-5.1.2.tgz",
      "integrity": "sha1-mR7GnSluAxN0fVm9/St0XDX4go0="
    },
    "source-map": {
      "version": "0.5.7",
      "resolved": "http://registry.npm.taobao.org/source-map/download/source-map-0.5.7.tgz",
      "integrity": "sha1-igOdLRAh0i0eoUyA2OpGi6LvP8w="
    },
    "sprintf-js": {
      "version": "1.0.3",
      "resolved": "http://registry.npm.taobao.org/sprintf-js/download/sprintf-js-1.0.3.tgz",
      "integrity": "sha1-BOaSb2YolTVPPdAVIDYzuFcpfiw="
    },
    "stylis": {
      "version": "3.5.3",
      "resolved": "http://registry.npm.taobao.org/stylis/download/stylis-3.5.3.tgz",
      "integrity": "sha1-mf3Eavumr03v9XCCWZQYGl5s5UY="
    },
    "stylis-rule-sheet": {
      "version": "0.0.10",
      "resolved": "http://registry.npm.taobao.org/stylis-rule-sheet/download/stylis-rule-sheet-0.0.10.tgz",
      "integrity": "sha1-ROZKKwdmQ/S1Ll/3HvwE2MPEpDA="
    },
    "to-fast-properties": {
      "version": "2.0.0",
      "resolved": "http://registry.npm.taobao.org/to-fast-properties/download/to-fast-properties-2.0.0.tgz",
      "integrity": "sha1-3F5pjL0HkmW8c+A3doGk5Og/YW4="
    },
    "touch": {
      "version": "2.0.2",
      "resolved": "http://registry.npm.taobao.org/touch/download/touch-2.0.2.tgz",
      "integrity": "sha1-ygsqOuMhEkamGxa6nmy/FZYocWQ=",
      "requires": {
        "nopt": "~1.0.10"
      }
    }
  }
}
